
Microsoft Visual Studio Solution File, Format Version 12.00
# Visual Studio Version 17
VisualStudioVersion = 17.3.32901.215
MinimumVisualStudioVersion = 10.0.40219.1
Project("{FAE04EC0-301F-11D3-BF4B-00C04F79EFBC}") = "Gestionale", "Gestionale\Gestionale.csproj", "{6872BBBE-8D93-41DC-8FDF-E4EE6EAD0A5D}"
EndProject
Global
	GlobalSection(SolutionConfigurationPlatforms) = preSolution
		Debug|Any CPU = Debug|Any CPU
		Release|Any CPU = Release|Any CPU
	EndGlobalSection
	GlobalSection(ProjectConfigurationPlatforms) = postSolution
		{6872BBBE-8D93-41DC-8FDF-E4EE6EAD0A5D}.Debug|Any CPU.ActiveCfg = Debug|Any CPU
		{6872BBBE-8D93-41DC-8FDF-E4EE6EAD0A5D}.Debug|Any CPU.Build.0 = Debug|Any CPU
		{6872BBBE-8D93-41DC-8FDF-E4EE6EAD0A5D}.Release|Any CPU.ActiveCfg = Release|Any CPU
		{6872BBBE-8D93-41DC-8FDF-E4EE6EAD0A5D}.Release|Any CPU.Build.0 = Release|Any CPU
	EndGlobalSection
	GlobalSection(SolutionProperties) = preSolution
		HideSolutionNode = FALSE
	EndGlobalSection
	GlobalSection(ExtensibilityGlobals) = postSolution
		SolutionGuid = {04966AE5-F2A0-4E4E-B742-9E8F7947183A}
	EndGlobalSection
EndGlobal
